// !$*UTF8*$!
{
	archiveVersion = 1;
	classes = {
	};
	objectVersion = 55;
	objects = {

/* Begin PBXBuildFile section */
		321A7265277823D100E241F8 /* AppDelegate.swift in Sources */ = {isa = PBXBuildFile; fileRef = 321A7264277823D100E241F8 /* AppDelegate.swift */; };
		321A7267277823D100E241F8 /* SceneDelegate.swift in Sources */ = {isa = PBXBuildFile; fileRef = 321A7266277823D100E241F8 /* SceneDelegate.swift */; };
		321A7269277823D100E241F8 /* ViewController.swift in Sources */ = {isa = PBXBuildFile; fileRef = 321A7268277823D100E241F8 /* ViewController.swift */; };
		321A726C277823D100E241F8 /* Main.storyboard in Resources */ = {isa = PBXBuildFile; fileRef = 321A726A277823D100E241F8 /* Main.storyboard */; };
		321A726F277823D100E241F8 /* Stickiz.xcdatamodeld in Sources */ = {isa = PBXBuildFile; fileRef = 321A726D277823D100E241F8 /* Stickiz.xcdatamodeld */; };
		321A7271277823D200E241F8 /* Assets.xcassets in Resources */ = {isa = PBXBuildFile; fileRef = 321A7270277823D200E241F8 /* Assets.xcassets */; };
		321A7274277823D200E241F8 /* LaunchScreen.storyboard in Resources */ = {isa = PBXBuildFile; fileRef = 321A7272277823D200E241F8 /* LaunchScreen.storyboard */; };
		321A727C277824F400E241F8 /* StickModel.swift in Sources */ = {isa = PBXBuildFile; fileRef = 321A727B277824F400E241F8 /* StickModel.swift */; };
		321A727E2778254D00E241F8 /* CoreData.swift in Sources */ = {isa = PBXBuildFile; fileRef = 321A727D2778254D00E241F8 /* CoreData.swift */; };
		321A728027783CAD00E241F8 /* DataDetailViewController.swift in Sources */ = {isa = PBXBuildFile; fileRef = 321A727F27783CAD00E241F8 /* DataDetailViewController.swift */; };
		321A7282277847B600E241F8 /* AddViewController.swift in Sources */ = {isa = PBXBuildFile; fileRef = 321A7281277847B600E241F8 /* AddViewController.swift */; };
		321A728A27785E0A00E241F8 /* KeyboardViewController.swift in Sources */ = {isa = PBXBuildFile; fileRef = 321A728927785E0A00E241F8 /* KeyboardViewController.swift */; };
		321A728E27785E0A00E241F8 /* Stickboard.appex in Embed App Extensions */ = {isa = PBXBuildFile; fileRef = 321A728727785E0A00E241F8 /* Stickboard.appex */; settings = {ATTRIBUTES = (RemoveHeadersOnCopy, ); }; };
		321A729627785E4800E241F8 /* MainView.swift in Sources */ = {isa = PBXBuildFile; fileRef = 321A729527785E4800E241F8 /* MainView.swift */; };
		321A729827785E9300E241F8 /* DetailView.swift in Sources */ = {isa = PBXBuildFile; fileRef = 321A729727785E9300E241F8 /* DetailView.swift */; };
		321A729F2778613100E241F8 /* StickModel.swift in Sources */ = {isa = PBXBuildFile; fileRef = 321A727B277824F400E241F8 /* StickModel.swift */; };
		321A72A3277862E900E241F8 /* SharedData.swift in Sources */ = {isa = PBXBuildFile; fileRef = 321A72A2277862E900E241F8 /* SharedData.swift */; };
		321A72A6277863DE00E241F8 /* Stickiz.xcdatamodeld in Sources */ = {isa = PBXBuildFile; fileRef = 321A726D277823D100E241F8 /* Stickiz.xcdatamodeld */; };
		321A72A82778645200E241F8 /* SharedData.swift in Sources */ = {isa = PBXBuildFile; fileRef = 321A72A2277862E900E241F8 /* SharedData.swift */; };
		321A72AA2778661600E241F8 /* KeyboardData.swift in Sources */ = {isa = PBXBuildFile; fileRef = 321A72A92778661600E241F8 /* KeyboardData.swift */; };
		321A72AC277873BB00E241F8 /* Assets.xcassets in Resources */ = {isa = PBXBuildFile; fileRef = 321A7270277823D200E241F8 /* Assets.xcassets */; };
/* End PBXBuildFile section */

/* Begin PBXContainerItemProxy section */
		321A728C27785E0A00E241F8 /* PBXContainerItemProxy */ = {
			isa = PBXContainerItemProxy;
			containerPortal = 321A7259277823D100E241F8 /* Project object */;
			proxyType = 1;
			remoteGlobalIDString = 321A728627785E0A00E241F8;
			remoteInfo = Stickboard;
		};
/* End PBXContainerItemProxy section */

/* Begin PBXCopyFilesBuildPhase section */
		321A729227785E0A00E241F8 /* Embed App Extensions */ = {
			isa = PBXCopyFilesBuildPhase;
			buildActionMask = 2147483647;
			dstPath = "";
			dstSubfolderSpec = 13;
			files = (
				321A728E27785E0A00E241F8 /* Stickboard.appex in Embed App Extensions */,
			);
			name = "Embed App Extensions";
			runOnlyForDeploymentPostprocessing = 0;
		};
/* End PBXCopyFilesBuildPhase section */

/* Begin PBXFileReference section */
		321A7261277823D100E241F8 /* Stickiz.app */ = {isa = PBXFileReference; explicitFileType = wrapper.application; includeInIndex = 0; path = Stickiz.app; sourceTree = BUILT_PRODUCTS_DIR; };
		321A7264277823D100E241F8 /* AppDelegate.swift */ = {isa = PBXFileReference; lastKnownFileType = sourcecode.swift; path = AppDelegate.swift; sourceTree = "<group>"; };
		321A7266277823D100E241F8 /* SceneDelegate.swift */ = {isa = PBXFileReference; lastKnownFileType = sourcecode.swift; path = SceneDelegate.swift; sourceTree = "<group>"; };
		321A7268277823D100E241F8 /* ViewController.swift */ = {isa = PBXFileReference; lastKnownFileType = sourcecode.swift; path = ViewController.swift; sourceTree = "<group>"; };
		321A726B277823D100E241F8 /* Base */ = {isa = PBXFileReference; lastKnownFileType = file.storyboard; name = Base; path = Base.lproj/Main.storyboard; sourceTree = "<group>"; };
		321A726E277823D100E241F8 /* Stickiz.xcdatamodel */ = {isa = PBXFileReference; lastKnownFileType = wrapper.xcdatamodel; path = Stickiz.xcdatamodel; sourceTree = "<group>"; };
		321A7270277823D200E241F8 /* Assets.xcassets */ = {isa = PBXFileReference; lastKnownFileType = folder.assetcatalog; path = Assets.xcassets; sourceTree = "<group>"; };
		321A7273277823D200E241F8 /* Base */ = {isa = PBXFileReference; lastKnownFileType = file.storyboard; name = Base; path = Base.lproj/LaunchScreen.storyboard; sourceTree = "<group>"; };
		321A7275277823D200E241F8 /* Info.plist */ = {isa = PBXFileReference; lastKnownFileType = text.plist.xml; path = Info.plist; sourceTree = "<group>"; };
		321A727B277824F400E241F8 /* StickModel.swift */ = {isa = PBXFileReference; lastKnownFileType = sourcecode.swift; path = StickModel.swift; sourceTree = "<group>"; };
		321A727D2778254D00E241F8 /* CoreData.swift */ = {isa = PBXFileReference; lastKnownFileType = sourcecode.swift; path = CoreData.swift; sourceTree = "<group>"; };
		321A727F27783CAD00E241F8 /* DataDetailViewController.swift */ = {isa = PBXFileReference; lastKnownFileType = sourcecode.swift; path = DataDetailViewController.swift; sourceTree = "<group>"; };
		321A7281277847B600E241F8 /* AddViewController.swift */ = {isa = PBXFileReference; lastKnownFileType = sourcecode.swift; path = AddViewController.swift; sourceTree = "<group>"; };
		321A728727785E0A00E241F8 /* Stickboard.appex */ = {isa = PBXFileReference; explicitFileType = "wrapper.app-extension"; includeInIndex = 0; path = Stickboard.appex; sourceTree = BUILT_PRODUCTS_DIR; };
		321A728927785E0A00E241F8 /* KeyboardViewController.swift */ = {isa = PBXFileReference; lastKnownFileType = sourcecode.swift; path = KeyboardViewController.swift; sourceTree = "<group>"; };
		321A728B27785E0A00E241F8 /* Info.plist */ = {isa = PBXFileReference; lastKnownFileType = text.plist.xml; path = Info.plist; sourceTree = "<group>"; };
		321A729527785E4800E241F8 /* MainView.swift */ = {isa = PBXFileReference; lastKnownFileType = sourcecode.swift; path = MainView.swift; sourceTree = "<group>"; };
		321A729727785E9300E241F8 /* DetailView.swift */ = {isa = PBXFileReference; lastKnownFileType = sourcecode.swift; path = DetailView.swift; sourceTree = "<group>"; };
		321A72A02778614800E241F8 /* Stickiz.entitlements */ = {isa = PBXFileReference; lastKnownFileType = text.plist.entitlements; path = Stickiz.entitlements; sourceTree = "<group>"; };
		321A72A12778616C00E241F8 /* Stickboard.entitlements */ = {isa = PBXFileReference; lastKnownFileType = text.plist.entitlements; path = Stickboard.entitlements; sourceTree = "<group>"; };
		321A72A2277862E900E241F8 /* SharedData.swift */ = {isa = PBXFileReference; lastKnownFileType = sourcecode.swift; path = SharedData.swift; sourceTree = "<group>"; };
		321A72A92778661600E241F8 /* KeyboardData.swift */ = {isa = PBXFileReference; lastKnownFileType = sourcecode.swift; path = KeyboardData.swift; sourceTree = "<group>"; };
/* End PBXFileReference section */

/* Begin PBXFrameworksBuildPhase section */
		321A725E277823D100E241F8 /* Frameworks */ = {
			isa = PBXFrameworksBuildPhase;
			buildActionMask = 2147483647;
			files = (
			);
			runOnlyForDeploymentPostprocessing = 0;
		};
		321A728427785E0A00E241F8 /* Frameworks */ = {
			isa = PBXFrameworksBuildPhase;
			buildActionMask = 2147483647;
			files = (
			);
			runOnlyForDeploymentPostprocessing = 0;
		};
/* End PBXFrameworksBuildPhase section */

/* Begin PBXGroup section */
		321A7258277823D100E241F8 = {
			isa = PBXGroup;
			children = (
				321A7263277823D100E241F8 /* Stickiz */,
				321A728827785E0A00E241F8 /* Stickboard */,
				321A7262277823D100E241F8 /* Products */,
			);
			sourceTree = "<group>";
		};
		321A7262277823D100E241F8 /* Products */ = {
			isa = PBXGroup;
			children = (
				321A7261277823D100E241F8 /* Stickiz.app */,
				321A728727785E0A00E241F8 /* Stickboard.appex */,
			);
			name = Products;
			sourceTree = "<group>";
		};
		321A7263277823D100E241F8 /* Stickiz */ = {
			isa = PBXGroup;
			children = (
				321A72A02778614800E241F8 /* Stickiz.entitlements */,
				321A7264277823D100E241F8 /* AppDelegate.swift */,
				321A7266277823D100E241F8 /* SceneDelegate.swift */,
				321A7268277823D100E241F8 /* ViewController.swift */,
				321A727F27783CAD00E241F8 /* DataDetailViewController.swift */,
				321A7281277847B600E241F8 /* AddViewController.swift */,
				321A726A277823D100E241F8 /* Main.storyboard */,
				321A7270277823D200E241F8 /* Assets.xcassets */,
				321A7272277823D200E241F8 /* LaunchScreen.storyboard */,
				321A7275277823D200E241F8 /* Info.plist */,
				321A726D277823D100E241F8 /* Stickiz.xcdatamodeld */,
				321A727B277824F400E241F8 /* StickModel.swift */,
				321A727D2778254D00E241F8 /* CoreData.swift */,
				321A72A2277862E900E241F8 /* SharedData.swift */,
			);
			path = Stickiz;
			sourceTree = "<group>";
		};
		321A728827785E0A00E241F8 /* Stickboard */ = {
			isa = PBXGroup;
			children = (
				321A72A12778616C00E241F8 /* Stickboard.entitlements */,
				321A728927785E0A00E241F8 /* KeyboardViewController.swift */,
				321A729527785E4800E241F8 /* MainView.swift */,
				321A729727785E9300E241F8 /* DetailView.swift */,
				321A728B27785E0A00E241F8 /* Info.plist */,
				321A72A92778661600E241F8 /* KeyboardData.swift */,
			);
			path = Stickboard;
			sourceTree = "<group>";
		};
/* End PBXGroup section */

/* Begin PBXNativeTarget section */
		321A7260277823D100E241F8 /* Stickiz */ = {
			isa = PBXNativeTarget;
			buildConfigurationList = 321A7278277823D300E241F8 /* Build configuration list for PBXNativeTarget "Stickiz" */;
			buildPhases = (
				321A725D277823D100E241F8 /* Sources */,
				321A725E277823D100E241F8 /* Frameworks */,
				321A725F277823D100E241F8 /* Resources */,
				321A729227785E0A00E241F8 /* Embed App Extensions */,
			);
			buildRules = (
			);
			dependencies = (
				321A728D27785E0A00E241F8 /* PBXTargetDependency */,
			);
			name = Stickiz;
			productName = Stickiz;
			productReference = 321A7261277823D100E241F8 /* Stickiz.app */;
			productType = "com.apple.product-type.application";
		};
		321A728627785E0A00E241F8 /* Stickboard */ = {
			isa = PBXNativeTarget;
			buildConfigurationList = 321A728F27785E0A00E241F8 /* Build configuration list for PBXNativeTarget "Stickboard" */;
			buildPhases = (
				321A728327785E0A00E241F8 /* Sources */,
				321A728427785E0A00E241F8 /* Frameworks */,
				321A728527785E0A00E241F8 /* Resources */,
			);
			buildRules = (
			);
			dependencies = (
			);
			name = Stickboard;
			productName = Stickboard;
			productReference = 321A728727785E0A00E241F8 /* Stickboard.appex */;
			productType = "com.apple.product-type.app-extension";
		};
/* End PBXNativeTarget section */

/* Begin PBXProject section */
		321A7259277823D100E241F8 /* Project object */ = {
			isa = PBXProject;
			attributes = {
				BuildIndependentTargetsInParallel = 1;
				LastSwiftUpdateCheck = 1320;
				LastUpgradeCheck = 1320;
				TargetAttributes = {
					321A7260277823D100E241F8 = {
						CreatedOnToolsVersion = 13.2.1;
					};
					321A728627785E0A00E241F8 = {
						CreatedOnToolsVersion = 13.2.1;
					};
				};
			};
			buildConfigurationList = 321A725C277823D100E241F8 /* Build configuration list for PBXProject "Stickiz" */;
			compatibilityVersion = "Xcode 13.0";
			developmentRegion = en;
			hasScannedForEncodings = 0;
			knownRegions = (
				en,
				Base,
			);
			mainGroup = 321A7258277823D100E241F8;
			productRefGroup = 321A7262277823D100E241F8 /* Products */;
			projectDirPath = "";
			projectRoot = "";
			targets = (
				321A7260277823D100E241F8 /* Stickiz */,
				321A728627785E0A00E241F8 /* Stickboard */,
			);
		};
/* End PBXProject section */

/* Begin PBXResourcesBuildPhase section */
		321A725F277823D100E241F8 /* Resources */ = {
			isa = PBXResourcesBuildPhase;
			buildActionMask = 2147483647;
			files = (
				321A7274277823D200E241F8 /* LaunchScreen.storyboard in Resources */,
				321A7271277823D200E241F8 /* Assets.xcassets in Resources */,
				321A726C277823D100E241F8 /* Main.storyboard in Resources */,
			);
			runOnlyForDeploymentPostprocessing = 0;
		};
		321A728527785E0A00E241F8 /* Resources */ = {
			isa = PBXResourcesBuildPhase;
			buildActionMask = 2147483647;
			files = (
				321A72AC277873BB00E241F8 /* Assets.xcassets in Resources */,
			);
			runOnlyForDeploymentPostprocessing = 0;
		};
/* End PBXResourcesBuildPhase section */

/* Begin PBXSourcesBuildPhase section */
		321A725D277823D100E241F8 /* Sources */ = {
			isa = PBXSourcesBuildPhase;
			buildActionMask = 2147483647;
			files = (
				321A72A3277862E900E241F8 /* SharedData.swift in Sources */,
				321A7269277823D100E241F8 /* ViewController.swift in Sources */,
				321A728027783CAD00E241F8 /* DataDetailViewController.swift in Sources */,
				321A7282277847B600E241F8 /* AddViewController.swift in Sources */,
				321A726F277823D100E241F8 /* Stickiz.xcdatamodeld in Sources */,
				321A7265277823D100E241F8 /* AppDelegate.swift in Sources */,
				321A727C277824F400E241F8 /* StickModel.swift in Sources */,
				321A727E2778254D00E241F8 /* CoreData.swift in Sources */,
				321A7267277823D100E241F8 /* SceneDelegate.swift in Sources */,
			);
			runOnlyForDeploymentPostprocessing = 0;
		};
		321A728327785E0A00E241F8 /* Sources */ = {
			isa = PBXSourcesBuildPhase;
			buildActionMask = 2147483647;
			files = (
				321A729627785E4800E241F8 /* MainView.swift in Sources */,
				321A72A82778645200E241F8 /* SharedData.swift in Sources */,
				321A72AA2778661600E241F8 /* KeyboardData.swift in Sources */,
				321A72A6277863DE00E241F8 /* Stickiz.xcdatamodeld in Sources */,
				321A729827785E9300E241F8 /* DetailView.swift in Sources */,
				321A729F2778613100E241F8 /* StickModel.swift in Sources */,
				321A728A27785E0A00E241F8 /* KeyboardViewController.swift in Sources */,
			);
			runOnlyForDeploymentPostprocessing = 0;
		};
/* End PBXSourcesBuildPhase section */

/* Begin PBXTargetDependency section */
		321A728D27785E0A00E241F8 /* PBXTargetDependency */ = {
			isa = PBXTargetDependency;
			target = 321A728627785E0A00E241F8 /* Stickboard */;
			targetProxy = 321A728C27785E0A00E241F8 /* PBXContainerItemProxy */;
		};
/* End PBXTargetDependency section */

/* Begin PBXVariantGroup section */
		321A726A277823D100E241F8 /* Main.storyboard */ = {
			isa = PBXVariantGroup;
			children = (
				321A726B277823D100E241F8 /* Base */,
			);
			name = Main.storyboard;
			sourceTree = "<group>";
		};
		321A7272277823D200E241F8 /* LaunchScreen.storyboard */ = {
			isa = PBXVariantGroup;
			children = (
				321A7273277823D200E241F8 /* Base */,
			);
			name = LaunchScreen.storyboard;
			sourceTree = "<group>";
		};
/* End PBXVariantGroup section */

/* Begin XCBuildConfiguration section */
		321A7276277823D200E241F8 /* Debug */ = {
			isa = XCBuildConfiguration;
			buildSettings = {
				ALWAYS_SEARCH_USER_PATHS = NO;
				CLANG_ANALYZER_NONNULL = YES;
				CLANG_ANALYZER_NUMBER_OBJECT_CONVERSION = YES_AGGRESSIVE;
				CLANG_CXX_LANGUAGE_STANDARD = "gnu++17";
				CLANG_CXX_LIBRARY = "libc++";
				CLANG_ENABLE_MODULES = YES;
				CLANG_ENABLE_OBJC_ARC = YES;
				CLANG_ENABLE_OBJC_WEAK = YES;
				CLANG_WARN_BLOCK_CAPTURE_AUTORELEASING = YES;
				CLANG_WARN_BOOL_CONVERSION = YES;
				CLANG_WARN_COMMA = YES;
				CLANG_WARN_CONSTANT_CONVERSION = YES;
				CLANG_WARN_DEPRECATED_OBJC_IMPLEMENTATIONS = YES;
				CLANG_WARN_DIRECT_OBJC_ISA_USAGE = YES_ERROR;
				CLANG_WARN_DOCUMENTATION_COMMENTS = YES;
				CLANG_WARN_EMPTY_BODY = YES;
				CLANG_WARN_ENUM_CONVERSION = YES;
				CLANG_WARN_INFINITE_RECURSION = YES;
				CLANG_WARN_INT_CONVERSION = YES;
				CLANG_WARN_NON_LITERAL_NULL_CONVERSION = YES;
				CLANG_WARN_OBJC_IMPLICIT_RETAIN_SELF = YES;
				CLANG_WARN_OBJC_LITERAL_CONVERSION = YES;
				CLANG_WARN_OBJC_ROOT_CLASS = YES_ERROR;
				CLANG_WARN_QUOTED_INCLUDE_IN_FRAMEWORK_HEADER = YES;
				CLANG_WARN_RANGE_LOOP_ANALYSIS = YES;
				CLANG_WARN_STRICT_PROTOTYPES = YES;
				CLANG_WARN_SUSPICIOUS_MOVE = YES;
				CLANG_WARN_UNGUARDED_AVAILABILITY = YES_AGGRESSIVE;
				CLANG_WARN_UNREACHABLE_CODE = YES;
				CLANG_WARN__DUPLICATE_METHOD_MATCH = YES;
				COPY_PHASE_STRIP = NO;
				DEBUG_INFORMATION_FORMAT = dwarf;
				ENABLE_STRICT_OBJC_MSGSEND = YES;
				ENABLE_TESTABILITY = YES;
				GCC_C_LANGUAGE_STANDARD = gnu11;
				GCC_DYNAMIC_NO_PIC = NO;
				GCC_NO_COMMON_BLOCKS = YES;
				GCC_OPTIMIZATION_LEVEL = 0;
				GCC_PREPROCESSOR_DEFINITIONS = (
					"DEBUG=1",
					"$(inherited)",
				);
				GCC_WARN_64_TO_32_BIT_CONVERSION = YES;
				GCC_WARN_ABOUT_RETURN_TYPE = YES_ERROR;
				GCC_WARN_UNDECLARED_SELECTOR = YES;
				GCC_WARN_UNINITIALIZED_AUTOS = YES_AGGRESSIVE;
				GCC_WARN_UNUSED_FUNCTION = YES;
				GCC_WARN_UNUSED_VARIABLE = YES;
				IPHONEOS_DEPLOYMENT_TARGET = 15.2;
				MTL_ENABLE_DEBUG_INFO = INCLUDE_SOURCE;
				MTL_FAST_MATH = YES;
				ONLY_ACTIVE_ARCH = YES;
				SDKROOT = iphoneos;
				SWIFT_ACTIVE_COMPILATION_CONDITIONS = DEBUG;
				SWIFT_OPTIMIZATION_LEVEL = "-Onone";
			};
			name = Debug;
		};
		321A7277277823D200E241F8 /* Release */ = {
			isa = XCBuildConfiguration;
			buildSettings = {
				ALWAYS_SEARCH_USER_PATHS = NO;
				CLANG_ANALYZER_NONNULL = YES;
				CLANG_ANALYZER_NUMBER_OBJECT_CONVERSION = YES_AGGRESSIVE;
				CLANG_CXX_LANGUAGE_STANDARD = "gnu++17";
				CLANG_CXX_LIBRARY = "libc++";
				CLANG_ENABLE_MODULES = YES;
				CLANG_ENABLE_OBJC_ARC = YES;
				CLANG_ENABLE_OBJC_WEAK = YES;
				CLANG_WARN_BLOCK_CAPTURE_AUTORELEASING = YES;
				CLANG_WARN_BOOL_CONVERSION = YES;
				CLANG_WARN_COMMA = YES;
				CLANG_WARN_CONSTANT_CONVERSION = YES;
				CLANG_WARN_DEPRECATED_OBJC_IMPLEMENTATIONS = YES;
				CLANG_WARN_DIRECT_OBJC_ISA_USAGE = YES_ERROR;
				CLANG_WARN_DOCUMENTATION_COMMENTS = YES;
				CLANG_WARN_EMPTY_BODY = YES;
				CLANG_WARN_ENUM_CONVERSION = YES;
				CLANG_WARN_INFINITE_RECURSION = YES;
				CLANG_WARN_INT_CONVERSION = YES;
				CLANG_WARN_NON_LITERAL_NULL_CONVERSION = YES;
				CLANG_WARN_OBJC_IMPLICIT_RETAIN_SELF = YES;
				CLANG_WARN_OBJC_LITERAL_CONVERSION = YES;
				CLANG_WARN_OBJC_ROOT_CLASS = YES_ERROR;
				CLANG_WARN_QUOTED_INCLUDE_IN_FRAMEWORK_HEADER = YES;
				CLANG_WARN_RANGE_LOOP_ANALYSIS = YES;
				CLANG_WARN_STRICT_PROTOTYPES = YES;
				CLANG_WARN_SUSPICIOUS_MOVE = YES;
				CLANG_WARN_UNGUARDED_AVAILABILITY = YES_AGGRESSIVE;
				CLANG_WARN_UNREACHABLE_CODE = YES;
				CLANG_WARN__DUPLICATE_METHOD_MATCH = YES;
				COPY_PHASE_STRIP = NO;
				DEBUG_INFORMATION_FORMAT = "dwarf-with-dsym";
				ENABLE_NS_ASSERTIONS = NO;
				ENABLE_STRICT_OBJC_MSGSEND = YES;
				GCC_C_LANGUAGE_STANDARD = gnu11;
				GCC_NO_COMMON_BLOCKS = YES;
				GCC_WARN_64_TO_32_BIT_CONVERSION = YES;
				GCC_WARN_ABOUT_RETURN_TYPE = YES_ERROR;
				GCC_WARN_UNDECLARED_SELECTOR = YES;
				GCC_WARN_UNINITIALIZED_AUTOS = YES_AGGRESSIVE;
				GCC_WARN_UNUSED_FUNCTION = YES;
				GCC_WARN_UNUSED_VARIABLE = YES;
				IPHONEOS_DEPLOYMENT_TARGET = 15.2;
				MTL_ENABLE_DEBUG_INFO = NO;
				MTL_FAST_MATH = YES;
				SDKROOT = iphoneos;
				SWIFT_COMPILATION_MODE = wholemodule;
				SWIFT_OPTIMIZATION_LEVEL = "-O";
				VALIDATE_PRODUCT = YES;
			};
			name = Release;
		};
		321A7279277823D300E241F8 /* Debug */ = {
			isa = XCBuildConfiguration;
			buildSettings = {
				ALWAYS_EMBED_SWIFT_STANDARD_LIBRARIES = YES;
				ASSETCATALOG_COMPILER_APPICON_NAME = AppIcon;
				ASSETCATALOG_COMPILER_GLOBAL_ACCENT_COLOR_NAME = AccentColor;
				CODE_SIGN_ENTITLEMENTS = Stickiz/Stickiz.entitlements;
				CODE_SIGN_STYLE = Automatic;
				CURRENT_PROJECT_VERSION = 1;
				DEVELOPMENT_TEAM = CN329Q28W4;
				GENERATE_INFOPLIST_FILE = YES;
				INFOPLIST_FILE = Stickiz/Info.plist;
				INFOPLIST_KEY_UIApplicationSupportsIndirectInputEvents = YES;
				INFOPLIST_KEY_UILaunchStoryboardName = LaunchScreen;
				INFOPLIST_KEY_UIMainStoryboardFile = Main;
				INFOPLIST_KEY_UISupportedInterfaceOrientations_iPad = "UIInterfaceOrientationPortrait UIInterfaceOrientationPortraitUpsideDown UIInterfaceOrientationLandscapeLeft UIInterfaceOrientationLandscapeRight";
				INFOPLIST_KEY_UISupportedInterfaceOrientations_iPhone = "UIInterfaceOrientationPortrait UIInterfaceOrientationLandscapeLeft UIInterfaceOrientationLandscapeRight";
				LD_RUNPATH_SEARCH_PATHS = (
					"$(inherited)",
					"@executable_path/Frameworks",
				);
				MARKETING_VERSION = 1.0;
				PRODUCT_BUNDLE_IDENTIFIER = Koron.Stickiz;
				PRODUCT_NAME = "$(TARGET_NAME)";
				SWIFT_EMIT_LOC_STRINGS = YES;
				SWIFT_VERSION = 5.0;
				TARGETED_DEVICE_FAMILY = "1,2";
			};
			name = Debug;
		};
		321A727A277823D300E241F8 /* Release */ = {
			isa = XCBuildConfiguration;
			buildSettings = {
				ALWAYS_EMBED_SWIFT_STANDARD_LIBRARIES = YES;
				ASSETCATALOG_COMPILER_APPICON_NAME = AppIcon;
				ASSETCATALOG_COMPILER_GLOBAL_ACCENT_COLOR_NAME = AccentColor;
				CODE_SIGN_ENTITLEMENTS = Stickiz/Stickiz.entitlements;
				CODE_SIGN_STYLE = Automatic;
				CURRENT_PROJECT_VERSION = 1;
				DEVELOPMENT_TEAM = CN329Q28W4;
				GENERATE_INFOPLIST_FILE = YES;
				INFOPLIST_FILE = Stickiz/Info.plist;
				INFOPLIST_KEY_UIApplicationSupportsIndirectInputEvents = YES;
				INFOPLIST_KEY_UILaunchStoryboardName = LaunchScreen;
				INFOPLIST_KEY_UIMainStoryboardFile = Main;
				INFOPLIST_KEY_UISupportedInterfaceOrientations_iPad = "UIInterfaceOrientationPortrait UIInterfaceOrientationPortraitUpsideDown UIInterfaceOrientationLandscapeLeft UIInterfaceOrientationLandscapeRight";
				INFOPLIST_KEY_UISupportedInterfaceOrientations_iPhone = "UIInterfaceOrientationPortrait UIInterfaceOrientationLandscapeLeft UIInterfaceOrientationLandscapeRight";
				LD_RUNPATH_SEARCH_PATHS = (
					"$(inherited)",
					"@executable_path/Frameworks",
				);
				MARKETING_VERSION = 1.0;
				PRODUCT_BUNDLE_IDENTIFIER = Koron.Stickiz;
				PRODUCT_NAME = "$(TARGET_NAME)";
				SWIFT_EMIT_LOC_STRINGS = YES;
				SWIFT_VERSION = 5.0;
				TARGETED_DEVICE_FAMILY = "1,2";
			};
			name = Release;
		};
		321A729027785E0A00E241F8 /* Debug */ = {
			isa = XCBuildConfiguration;
			buildSettings = {
				CODE_SIGN_ENTITLEMENTS = Stickboard/Stickboard.entitlements;
				CODE_SIGN_STYLE = Automatic;
				CURRENT_PROJECT_VERSION = 1;
				DEVELOPMENT_TEAM = CN329Q28W4;
				GENERATE_INFOPLIST_FILE = YES;
				INFOPLIST_FILE = Stickboard/Info.plist;
				INFOPLIST_KEY_CFBundleDisplayName = Stickboard;
				INFOPLIST_KEY_NSHumanReadableCopyright = "";
				LD_RUNPATH_SEARCH_PATHS = (
					"$(inherited)",
					"@executable_path/Frameworks",
					"@executable_path/../../Frameworks",
				);
				MARKETING_VERSION = 1.0;
				PRODUCT_BUNDLE_IDENTIFIER = Koron.Stickiz.Stickboard;
				PRODUCT_NAME = "$(TARGET_NAME)";
				SKIP_INSTALL = YES;
				SWIFT_EMIT_LOC_STRINGS = YES;
				SWIFT_VERSION = 5.0;
				TARGETED_DEVICE_FAMILY = "1,2";
			};
			name = Debug;
		};
		321A729127785E0A00E241F8 /* Release */ = {
			isa = XCBuildConfiguration;
			buildSettings = {
				CODE_SIGN_ENTITLEMENTS = Stickboard/Stickboard.entitlements;
				CODE_SIGN_STYLE = Automatic;
				CURRENT_PROJECT_VERSION = 1;
				DEVELOPMENT_TEAM = CN329Q28W4;
				GENERATE_INFOPLIST_FILE = YES;
				INFOPLIST_FILE = Stickboard/Info.plist;
				INFOPLIST_KEY_CFBundleDisplayName = Stickboard;
				INFOPLIST_KEY_NSHumanReadableCopyright = "";
				LD_RUNPATH_SEARCH_PATHS = (
					"$(inherited)",
					"@executable_path/Frameworks",
					"@executable_path/../../Frameworks",
				);
				MARKETING_VERSION = 1.0;
				PRODUCT_BUNDLE_IDENTIFIER = Koron.Stickiz.Stickboard;
				PRODUCT_NAME = "$(TARGET_NAME)";
				SKIP_INSTALL = YES;
				SWIFT_EMIT_LOC_STRINGS = YES;
				SWIFT_VERSION = 5.0;
				TARGETED_DEVICE_FAMILY = "1,2";
			};
			name = Release;
		};
/* End XCBuildConfiguration section */

/* Begin XCConfigurationList section */
		321A725C277823D100E241F8 /* Build configuration list for PBXProject "Stickiz" */ = {
			isa = XCConfigurationList;
			buildConfigurations = (
				321A7276277823D200E241F8 /* Debug */,
				321A7277277823D200E241F8 /* Release */,
			);
			defaultConfigurationIsVisible = 0;
			defaultConfigurationName = Release;
		};
		321A7278277823D300E241F8 /* Build configuration list for PBXNativeTarget "Stickiz" */ = {
			isa = XCConfigurationList;
			buildConfigurations = (
				321A7279277823D300E241F8 /* Debug */,
				321A727A277823D300E241F8 /* Release */,
			);
			defaultConfigurationIsVisible = 0;
			defaultConfigurationName = Release;
		};
		321A728F27785E0A00E241F8 /* Build configuration list for PBXNativeTarget "Stickboard" */ = {
			isa = XCConfigurationList;
			buildConfigurations = (
				321A729027785E0A00E241F8 /* Debug */,
				321A729127785E0A00E241F8 /* Release */,
			);
			defaultConfigurationIsVisible = 0;
			defaultConfigurationName = Release;
		};
/* End XCConfigurationList section */

/* Begin XCVersionGroup section */
		321A726D277823D100E241F8 /* Stickiz.xcdatamodeld */ = {
			isa = XCVersionGroup;
			children = (
				321A726E277823D100E241F8 /* Stickiz.xcdatamodel */,
			);
			currentVersion = 321A726E277823D100E241F8 /* Stickiz.xcdatamodel */;
			path = Stickiz.xcdatamodeld;
			sourceTree = "<group>";
			versionGroupType = wrapper.xcdatamodel;
		};
/* End XCVersionGroup section */
	};
	rootObject = 321A7259277823D100E241F8 /* Project object */;
}
